
Microsoft Visual Studio Solution File, Format Version 12.00
# Visual Studio Version 17
VisualStudioVersion = 17.14.36414.22
MinimumVisualStudioVersion = 10.0.40219.1
Project("{FAE04EC0-301F-11D3-BF4B-00C04F79EFBC}") = "Food.Server", "Food\Food.Server\Food.Server.csproj", "{1BEFE484-8EC0-47A3-8B62-DA6A33FA861B}"
EndProject
Project("{54A90642-561A-4BB1-A94E-469ADEE60C69}") = "shop", "Food\shop\shop.esproj", "{F27A454A-7AB6-4466-98F8-E7A4E06317C8}"
EndProject
Global
	GlobalSection(SolutionConfigurationPlatforms) = preSolution
		Debug|Any CPU = Debug|Any CPU
		Release|Any CPU = Release|Any CPU
	EndGlobalSection
	GlobalSection(ProjectConfigurationPlatforms) = postSolution
		{1BEFE484-8EC0-47A3-8B62-DA6A33FA861B}.Debug|Any CPU.ActiveCfg = Debug|Any CPU
		{1BEFE484-8EC0-47A3-8B62-DA6A33FA861B}.Debug|Any CPU.Build.0 = Debug|Any CPU
		{1BEFE484-8EC0-47A3-8B62-DA6A33FA861B}.Release|Any CPU.ActiveCfg = Release|Any CPU
		{1BEFE484-8EC0-47A3-8B62-DA6A33FA861B}.Release|Any CPU.Build.0 = Release|Any CPU
		{F27A454A-7AB6-4466-98F8-E7A4E06317C8}.Debug|Any CPU.ActiveCfg = Debug|Any CPU
		{F27A454A-7AB6-4466-98F8-E7A4E06317C8}.Debug|Any CPU.Build.0 = Debug|Any CPU
		{F27A454A-7AB6-4466-98F8-E7A4E06317C8}.Release|Any CPU.ActiveCfg = Debug|Any CPU
		{F27A454A-7AB6-4466-98F8-E7A4E06317C8}.Release|Any CPU.Build.0 = Debug|Any CPU
	EndGlobalSection
	GlobalSection(SolutionProperties) = preSolution
		HideSolutionNode = FALSE
	EndGlobalSection
	GlobalSection(ExtensibilityGlobals) = postSolution
		SolutionGuid = {7BE6657E-E57C-4C55-98CF-A3A2B06519BD}
	EndGlobalSection
EndGlobal
