
Microsoft Visual Studio Solution File, Format Version 12.00
# Visual Studio Version 17
VisualStudioVersion = 17.14.36414.22 d17.14
MinimumVisualStudioVersion = 10.0.40219.1
Project("{FAE04EC0-301F-11D3-BF4B-00C04F79EFBC}") = "FoodOrder", "FoodOrder\FoodOrder.csproj", "{71141719-455C-4986-B874-29EDCAD06993}"
EndProject
Global
	GlobalSection(SolutionConfigurationPlatforms) = preSolution
		Debug|Any CPU = Debug|Any CPU
		Release|Any CPU = Release|Any CPU
	EndGlobalSection
	GlobalSection(ProjectConfigurationPlatforms) = postSolution
		{71141719-455C-4986-B874-29EDCAD06993}.Debug|Any CPU.ActiveCfg = Debug|Any CPU
		{71141719-455C-4986-B874-29EDCAD06993}.Debug|Any CPU.Build.0 = Debug|Any CPU
		{71141719-455C-4986-B874-29EDCAD06993}.Release|Any CPU.ActiveCfg = Release|Any CPU
		{71141719-455C-4986-B874-29EDCAD06993}.Release|Any CPU.Build.0 = Release|Any CPU
	EndGlobalSection
	GlobalSection(SolutionProperties) = preSolution
		HideSolutionNode = FALSE
	EndGlobalSection
	GlobalSection(ExtensibilityGlobals) = postSolution
		SolutionGuid = {7BE6657E-E57C-4C55-98CF-A3A2B06519BD}
	EndGlobalSection
EndGlobal
